hash: 66a1ccc90ea49a5360d549307cecd23cf64edd7d00f736c2c4595a1956989181
updated: 2018-01-06T02:21:54.76452506+01:00
imports:
- name: github.com/alecthomas/log4go
  version: 3fbce08846379ec7f4f6bc7fce6dd01ce28fae4c
  repo: https://github.com/mattermost/log4go.git
- name: github.com/gorilla/websocket
  version: ea4d1f681babbce9545c9c5f3d5194a789c89f5b
- name: github.com/mattermost/platform
  version: 8f6bb1570dd234c63de5241eff9fbb268aad358c
  subpackages:
  - model
- name: github.com/nicksnyder/go-i18n
  version: ca33e78c8a430e2df435b02f63a3944fa8e9ea11
  subpackages:
  - i18n
  - i18n/bundle
  - i18n/language
  - i18n/translation
- name: github.com/pborman/uuid
  version: e790cca94e6cc75c7064b1332e63811d4aae1a53
- name: github.com/pelletier/go-toml
  version: 69d355db5304c0f7f809a2edc054553e7142f016
- name: github.com/stretchr/testify
  version: b91bfb9ebec76498946beb6af7c0230c7cc7ba6c
  subpackages:
  - assert
  - require
- name: golang.org/x/crypto
  version: 728b753d0135da6801d45a38e6f43ff55779c5c2
  subpackages:
  - bcrypt
  - blowfish
- name: gopkg.in/yaml.v2
  version: a3f3340b5840cee44f372bddb5880fcbc419b46a
testImports:
- name: github.com/davecgh/go-spew
  version: 346938d642f2ec3594ed81d874461961cd0faa76
  subpackages:
  - spew
- name: github.com/pmezard/go-difflib
  version: 792786c7400a136282c1664665ae0a8db921c6c2
  subpackages:
  - difflib
